{
  "pins" : [
    {
      "identity" : "image-codec",
      "kind" : "remoteSourceControl",
      "location" : "https://github.com/fang-ling/image-codec",
      "state" : {
        "revision" : "7501b7566d62595172701c9d38d296622875be13",
        "version" : "0.0.14"
      }
    }
  ],
  "version" : 2
}
