{
  "pins" : [
    {
      "identity" : "image-codec",
      "kind" : "remoteSourceControl",
      "location" : "https://github.com/fang-ling/image-codec",
      "state" : {
        "revision" : "7e428fba79dcb803e2541055b60947e603196875",
        "version" : "0.0.21"
      }
    }
  ],
  "version" : 2
}
