{
  "pins" : [
    {
      "identity" : "image-codec",
      "kind" : "remoteSourceControl",
      "location" : "https://github.com/fang-ling/image-codec",
      "state" : {
        "revision" : "1cdf6b808c1bc3df429533bc39f69b274a1dd184",
        "version" : "0.0.19"
      }
    }
  ],
  "version" : 2
}
